// !$*UTF8*$!
{
	archiveVersion = 1;
	classes = {
	};
	objectVersion = 50;
	objects = {

/* Begin PBXBuildFile section */
		61133320219AB308004EA7FB /* AppDelegate.m in Sources */ = {isa = PBXBuildFile; fileRef = 6113331F219AB308004EA7FB /* AppDelegate.m */; };
		61133323219AB308004EA7FB /* ViewController.m in Sources */ = {isa = PBXBuildFile; fileRef = 61133322219AB308004EA7FB /* ViewController.m */; };
		61133326219AB308004EA7FB /* Main.storyboard in Resources */ = {isa = PBXBuildFile; fileRef = 61133324219AB308004EA7FB /* Main.storyboard */; };
		61133328219AB30B004EA7FB /* Assets.xcassets in Resources */ = {isa = PBXBuildFile; fileRef = 61133327219AB30B004EA7FB /* Assets.xcassets */; };
		6113332B219AB30B004EA7FB /* LaunchScreen.storyboard in Resources */ = {isa = PBXBuildFile; fileRef = 61133329219AB30B004EA7FB /* LaunchScreen.storyboard */; };
		6113332E219AB30B004EA7FB /* main.m in Sources */ = {isa = PBXBuildFile; fileRef = 6113332D219AB30B004EA7FB /* main.m */; };
		6113333A219AB729004EA7FB /* CallbackApdater.m in Sources */ = {isa = PBXBuildFile; fileRef = 61133339219AB729004EA7FB /* CallbackApdater.m */; };
		611E435D225483E400B15F67 /* HttpUtils.m in Sources */ = {isa = PBXBuildFile; fileRef = 611E435C225483E400B15F67 /* HttpUtils.m */; };
		611E43612254935D00B15F67 /* Model.m in Sources */ = {isa = PBXBuildFile; fileRef = 611E43602254935D00B15F67 /* Model.m */; };
		612FF263229B6F92003B8A5B /* AFHTTPSessionManager+Config.m in Sources */ = {isa = PBXBuildFile; fileRef = 612FF262229B6F92003B8A5B /* AFHTTPSessionManager+Config.m */; };
		6162B730225ADDA90089F2E8 /* NetworkListener.m in Sources */ = {isa = PBXBuildFile; fileRef = 6162B72F225ADDA90089F2E8 /* NetworkListener.m */; };
		6162B747225DE7ED0089F2E8 /* TouchFaceIdTool.m in Sources */ = {isa = PBXBuildFile; fileRef = 6162B746225DE7ED0089F2E8 /* TouchFaceIdTool.m */; };
		8504FCF88160F520C4AA27F4 /* libPods-OCHttpUtils.a in Frameworks */ = {isa = PBXBuildFile; fileRef = B51A763536026936470D9D2A /* libPods-OCHttpUtils.a */; };
/* End PBXBuildFile section */

/* Begin PBXFileReference section */
		14D345C08B1803667036F922 /* Pods-OCHttpUtils.release.xcconfig */ = {isa = PBXFileReference; includeInIndex = 1; lastKnownFileType = text.xcconfig; name = "Pods-OCHttpUtils.release.xcconfig"; path = "Pods/Target Support Files/Pods-OCHttpUtils/Pods-OCHttpUtils.release.xcconfig"; sourceTree = "<group>"; };
		2CA4E68928A74129608ABC2D /* Pods-OCHttpUtils.debug.xcconfig */ = {isa = PBXFileReference; includeInIndex = 1; lastKnownFileType = text.xcconfig; name = "Pods-OCHttpUtils.debug.xcconfig"; path = "Pods/Target Support Files/Pods-OCHttpUtils/Pods-OCHttpUtils.debug.xcconfig"; sourceTree = "<group>"; };
		6113331B219AB308004EA7FB /* OCHttpUtils.app */ = {isa = PBXFileReference; explicitFileType = wrapper.application; includeInIndex = 0; path = OCHttpUtils.app; sourceTree = BUILT_PRODUCTS_DIR; };
		6113331E219AB308004EA7FB /* AppDelegate.h */ = {isa = PBXFileReference; lastKnownFileType = sourcecode.c.h; path = AppDelegate.h; sourceTree = "<group>"; };
		6113331F219AB308004EA7FB /* AppDelegate.m */ = {isa = PBXFileReference; lastKnownFileType = sourcecode.c.objc; path = AppDelegate.m; sourceTree = "<group>"; };
		61133321219AB308004EA7FB /* ViewController.h */ = {isa = PBXFileReference; lastKnownFileType = sourcecode.c.h; path = ViewController.h; sourceTree = "<group>"; };
		61133322219AB308004EA7FB /* ViewController.m */ = {isa = PBXFileReference; lastKnownFileType = sourcecode.c.objc; path = ViewController.m; sourceTree = "<group>"; };
		61133325219AB308004EA7FB /* Base */ = {isa = PBXFileReference; lastKnownFileType = file.storyboard; name = Base; path = Base.lproj/Main.storyboard; sourceTree = "<group>"; };
		61133327219AB30B004EA7FB /* Assets.xcassets */ = {isa = PBXFileReference; lastKnownFileType = folder.assetcatalog; path = Assets.xcassets; sourceTree = "<group>"; };
		6113332A219AB30B004EA7FB /* Base */ = {isa = PBXFileReference; lastKnownFileType = file.storyboard; name = Base; path = Base.lproj/LaunchScreen.storyboard; sourceTree = "<group>"; };
		6113332C219AB30B004EA7FB /* Info.plist */ = {isa = PBXFileReference; lastKnownFileType = text.plist.xml; path = Info.plist; sourceTree = "<group>"; };
		6113332D219AB30B004EA7FB /* main.m */ = {isa = PBXFileReference; lastKnownFileType = sourcecode.c.objc; path = main.m; sourceTree = "<group>"; };
		61133335219AB69D004EA7FB /* CallbackProtocol.h */ = {isa = PBXFileReference; lastKnownFileType = sourcecode.c.h; path = CallbackProtocol.h; sourceTree = "<group>"; };
		61133338219AB729004EA7FB /* CallbackApdater.h */ = {isa = PBXFileReference; lastKnownFileType = sourcecode.c.h; path = CallbackApdater.h; sourceTree = "<group>"; };
		61133339219AB729004EA7FB /* CallbackApdater.m */ = {isa = PBXFileReference; lastKnownFileType = sourcecode.c.objc; path = CallbackApdater.m; sourceTree = "<group>"; };
		611E435B225483E400B15F67 /* HttpUtils.h */ = {isa = PBXFileReference; lastKnownFileType = sourcecode.c.h; path = HttpUtils.h; sourceTree = "<group>"; };
		611E435C225483E400B15F67 /* HttpUtils.m */ = {isa = PBXFileReference; lastKnownFileType = sourcecode.c.objc; path = HttpUtils.m; sourceTree = "<group>"; };
		611E435F2254935D00B15F67 /* Model.h */ = {isa = PBXFileReference; lastKnownFileType = sourcecode.c.h; path = Model.h; sourceTree = "<group>"; };
		611E43602254935D00B15F67 /* Model.m */ = {isa = PBXFileReference; lastKnownFileType = sourcecode.c.objc; path = Model.m; sourceTree = "<group>"; };
		612FF261229B6F92003B8A5B /* AFHTTPSessionManager+Config.h */ = {isa = PBXFileReference; lastKnownFileType = sourcecode.c.h; path = "AFHTTPSessionManager+Config.h"; sourceTree = "<group>"; };
		612FF262229B6F92003B8A5B /* AFHTTPSessionManager+Config.m */ = {isa = PBXFileReference; lastKnownFileType = sourcecode.c.objc; path = "AFHTTPSessionManager+Config.m"; sourceTree = "<group>"; };
		6162B72E225ADDA90089F2E8 /* NetworkListener.h */ = {isa = PBXFileReference; lastKnownFileType = sourcecode.c.h; path = NetworkListener.h; sourceTree = "<group>"; };
		6162B72F225ADDA90089F2E8 /* NetworkListener.m */ = {isa = PBXFileReference; lastKnownFileType = sourcecode.c.objc; path = NetworkListener.m; sourceTree = "<group>"; };
		6162B745225DE7ED0089F2E8 /* TouchFaceIdTool.h */ = {isa = PBXFileReference; lastKnownFileType = sourcecode.c.h; path = TouchFaceIdTool.h; sourceTree = "<group>"; };
		6162B746225DE7ED0089F2E8 /* TouchFaceIdTool.m */ = {isa = PBXFileReference; lastKnownFileType = sourcecode.c.objc; path = TouchFaceIdTool.m; sourceTree = "<group>"; };
		B51A763536026936470D9D2A /* libPods-OCHttpUtils.a */ = {isa = PBXFileReference; explicitFileType = archive.ar; includeInIndex = 0; path = "libPods-OCHttpUtils.a"; sourceTree = BUILT_PRODUCTS_DIR; };
/* End PBXFileReference section */

/* Begin PBXFrameworksBuildPhase section */
		61133318219AB308004EA7FB /* Frameworks */ = {
			isa = PBXFrameworksBuildPhase;
			buildActionMask = 2147483647;
			files = (
				8504FCF88160F520C4AA27F4 /* libPods-OCHttpUtils.a in Frameworks */,
			);
			runOnlyForDeploymentPostprocessing = 0;
		};
/* End PBXFrameworksBuildPhase section */

/* Begin PBXGroup section */
		61133312219AB308004EA7FB = {
			isa = PBXGroup;
			children = (
				6113331D219AB308004EA7FB /* OCHttpUtils */,
				6113331C219AB308004EA7FB /* Products */,
				C4A15E5E8FBC554DF0CFB6FE /* Pods */,
				91D240A518D828CD1070B70A /* Frameworks */,
			);
			sourceTree = "<group>";
		};
		6113331C219AB308004EA7FB /* Products */ = {
			isa = PBXGroup;
			children = (
				6113331B219AB308004EA7FB /* OCHttpUtils.app */,
			);
			name = Products;
			sourceTree = "<group>";
		};
		6113331D219AB308004EA7FB /* OCHttpUtils */ = {
			isa = PBXGroup;
			children = (
				61133334219AB678004EA7FB /* HttpUtils */,
				6113331E219AB308004EA7FB /* AppDelegate.h */,
				6113331F219AB308004EA7FB /* AppDelegate.m */,
				61133321219AB308004EA7FB /* ViewController.h */,
				61133322219AB308004EA7FB /* ViewController.m */,
				6162B745225DE7ED0089F2E8 /* TouchFaceIdTool.h */,
				6162B746225DE7ED0089F2E8 /* TouchFaceIdTool.m */,
				611E435F2254935D00B15F67 /* Model.h */,
				611E43602254935D00B15F67 /* Model.m */,
				61133324219AB308004EA7FB /* Main.storyboard */,
				61133327219AB30B004EA7FB /* Assets.xcassets */,
				61133329219AB30B004EA7FB /* LaunchScreen.storyboard */,
				6113332C219AB30B004EA7FB /* Info.plist */,
				6113332D219AB30B004EA7FB /* main.m */,
			);
			path = OCHttpUtils;
			sourceTree = "<group>";
		};
		61133334219AB678004EA7FB /* HttpUtils */ = {
			isa = PBXGroup;
			children = (
				61133335219AB69D004EA7FB /* CallbackProtocol.h */,
				61133338219AB729004EA7FB /* CallbackApdater.h */,
				61133339219AB729004EA7FB /* CallbackApdater.m */,
				611E435B225483E400B15F67 /* HttpUtils.h */,
				611E435C225483E400B15F67 /* HttpUtils.m */,
				6162B72E225ADDA90089F2E8 /* NetworkListener.h */,
				6162B72F225ADDA90089F2E8 /* NetworkListener.m */,
				612FF261229B6F92003B8A5B /* AFHTTPSessionManager+Config.h */,
				612FF262229B6F92003B8A5B /* AFHTTPSessionManager+Config.m */,
			);
			path = HttpUtils;
			sourceTree = "<group>";
		};
		91D240A518D828CD1070B70A /* Frameworks */ = {
			isa = PBXGroup;
			children = (
				B51A763536026936470D9D2A /* libPods-OCHttpUtils.a */,
			);
			name = Frameworks;
			sourceTree = "<group>";
		};
		C4A15E5E8FBC554DF0CFB6FE /* Pods */ = {
			isa = PBXGroup;
			children = (
				2CA4E68928A74129608ABC2D /* Pods-OCHttpUtils.debug.xcconfig */,
				14D345C08B1803667036F922 /* Pods-OCHttpUtils.release.xcconfig */,
			);
			name = Pods;
			sourceTree = "<group>";
		};
/* End PBXGroup section */

/* Begin PBXNativeTarget section */
		6113331A219AB308004EA7FB /* OCHttpUtils */ = {
			isa = PBXNativeTarget;
			buildConfigurationList = 61133331219AB30B004EA7FB /* Build configuration list for PBXNativeTarget "OCHttpUtils" */;
			buildPhases = (
				FE98EFC92C3C21AC4154AEA8 /* [CP] Check Pods Manifest.lock */,
				61133317219AB308004EA7FB /* Sources */,
				61133318219AB308004EA7FB /* Frameworks */,
				61133319219AB308004EA7FB /* Resources */,
			);
			buildRules = (
			);
			dependencies = (
			);
			name = OCHttpUtils;
			productName = OCHttpUtils;
			productReference = 6113331B219AB308004EA7FB /* OCHttpUtils.app */;
			productType = "com.apple.product-type.application";
		};
/* End PBXNativeTarget section */

/* Begin PBXProject section */
		61133313219AB308004EA7FB /* Project object */ = {
			isa = PBXProject;
			attributes = {
				LastUpgradeCheck = 1010;
				ORGANIZATIONNAME = season;
				TargetAttributes = {
					6113331A219AB308004EA7FB = {
						CreatedOnToolsVersion = 10.1;
						LastSwiftMigration = 1010;
					};
				};
			};
			buildConfigurationList = 61133316219AB308004EA7FB /* Build configuration list for PBXProject "OCHttpUtils" */;
			compatibilityVersion = "Xcode 9.3";
			developmentRegion = en;
			hasScannedForEncodings = 0;
			knownRegions = (
				en,
				Base,
			);
			mainGroup = 61133312219AB308004EA7FB;
			productRefGroup = 6113331C219AB308004EA7FB /* Products */;
			projectDirPath = "";
			projectRoot = "";
			targets = (
				6113331A219AB308004EA7FB /* OCHttpUtils */,
			);
		};
/* End PBXProject section */

/* Begin PBXResourcesBuildPhase section */
		61133319219AB308004EA7FB /* Resources */ = {
			isa = PBXResourcesBuildPhase;
			buildActionMask = 2147483647;
			files = (
				6113332B219AB30B004EA7FB /* LaunchScreen.storyboard in Resources */,
				61133328219AB30B004EA7FB /* Assets.xcassets in Resources */,
				61133326219AB308004EA7FB /* Main.storyboard in Resources */,
			);
			runOnlyForDeploymentPostprocessing = 0;
		};
/* End PBXResourcesBuildPhase section */

/* Begin PBXShellScriptBuildPhase section */
		FE98EFC92C3C21AC4154AEA8 /* [CP] Check Pods Manifest.lock */ = {
			isa = PBXShellScriptBuildPhase;
			buildActionMask = 2147483647;
			files = (
			);
			inputFileListPaths = (
			);
			inputPaths = (
				"${PODS_PODFILE_DIR_PATH}/Podfile.lock",
				"${PODS_ROOT}/Manifest.lock",
			);
			name = "[CP] Check Pods Manifest.lock";
			outputFileListPaths = (
			);
			outputPaths = (
				"$(DERIVED_FILE_DIR)/Pods-OCHttpUtils-checkManifestLockResult.txt",
			);
			runOnlyForDeploymentPostprocessing = 0;
			shellPath = /bin/sh;
			shellScript = "diff \"${PODS_PODFILE_DIR_PATH}/Podfile.lock\" \"${PODS_ROOT}/Manifest.lock\" > /dev/null\nif [ $? != 0 ] ; then\n    # print error to STDERR\n    echo \"error: The sandbox is not in sync with the Podfile.lock. Run 'pod install' or update your CocoaPods installation.\" >&2\n    exit 1\nfi\n# This output is used by Xcode 'outputs' to avoid re-running this script phase.\necho \"SUCCESS\" > \"${SCRIPT_OUTPUT_FILE_0}\"\n";
			showEnvVarsInLog = 0;
		};
/* End PBXShellScriptBuildPhase section */

/* Begin PBXSourcesBuildPhase section */
		61133317219AB308004EA7FB /* Sources */ = {
			isa = PBXSourcesBuildPhase;
			buildActionMask = 2147483647;
			files = (
				61133323219AB308004EA7FB /* ViewController.m in Sources */,
				6162B747225DE7ED0089F2E8 /* TouchFaceIdTool.m in Sources */,
				611E435D225483E400B15F67 /* HttpUtils.m in Sources */,
				6113332E219AB30B004EA7FB /* main.m in Sources */,
				612FF263229B6F92003B8A5B /* AFHTTPSessionManager+Config.m in Sources */,
				611E43612254935D00B15F67 /* Model.m in Sources */,
				6113333A219AB729004EA7FB /* CallbackApdater.m in Sources */,
				61133320219AB308004EA7FB /* AppDelegate.m in Sources */,
				6162B730225ADDA90089F2E8 /* NetworkListener.m in Sources */,
			);
			runOnlyForDeploymentPostprocessing = 0;
		};
/* End PBXSourcesBuildPhase section */

/* Begin PBXVariantGroup section */
		61133324219AB308004EA7FB /* Main.storyboard */ = {
			isa = PBXVariantGroup;
			children = (
				61133325219AB308004EA7FB /* Base */,
			);
			name = Main.storyboard;
			sourceTree = "<group>";
		};
		61133329219AB30B004EA7FB /* LaunchScreen.storyboard */ = {
			isa = PBXVariantGroup;
			children = (
				6113332A219AB30B004EA7FB /* Base */,
			);
			name = LaunchScreen.storyboard;
			sourceTree = "<group>";
		};
/* End PBXVariantGroup section */

/* Begin XCBuildConfiguration section */
		6113332F219AB30B004EA7FB /* Debug */ = {
			isa = XCBuildConfiguration;
			buildSettings = {
				ALWAYS_SEARCH_USER_PATHS = NO;
				CLANG_ANALYZER_NONNULL = YES;
				CLANG_ANALYZER_NUMBER_OBJECT_CONVERSION = YES_AGGRESSIVE;
				CLANG_CXX_LANGUAGE_STANDARD = "gnu++14";
				CLANG_CXX_LIBRARY = "libc++";
				CLANG_ENABLE_MODULES = YES;
				CLANG_ENABLE_OBJC_ARC = YES;
				CLANG_ENABLE_OBJC_WEAK = YES;
				CLANG_WARN_BLOCK_CAPTURE_AUTORELEASING = YES;
				CLANG_WARN_BOOL_CONVERSION = YES;
				CLANG_WARN_COMMA = YES;
				CLANG_WARN_CONSTANT_CONVERSION = YES;
				CLANG_WARN_DEPRECATED_OBJC_IMPLEMENTATIONS = YES;
				CLANG_WARN_DIRECT_OBJC_ISA_USAGE = YES_ERROR;
				CLANG_WARN_DOCUMENTATION_COMMENTS = YES;
				CLANG_WARN_EMPTY_BODY = YES;
				CLANG_WARN_ENUM_CONVERSION = YES;
				CLANG_WARN_INFINITE_RECURSION = YES;
				CLANG_WARN_INT_CONVERSION = YES;
				CLANG_WARN_NON_LITERAL_NULL_CONVERSION = YES;
				CLANG_WARN_OBJC_IMPLICIT_RETAIN_SELF = YES;
				CLANG_WARN_OBJC_LITERAL_CONVERSION = YES;
				CLANG_WARN_OBJC_ROOT_CLASS = YES_ERROR;
				CLANG_WARN_RANGE_LOOP_ANALYSIS = YES;
				CLANG_WARN_STRICT_PROTOTYPES = YES;
				CLANG_WARN_SUSPICIOUS_MOVE = YES;
				CLANG_WARN_UNGUARDED_AVAILABILITY = YES_AGGRESSIVE;
				CLANG_WARN_UNREACHABLE_CODE = YES;
				CLANG_WARN__DUPLICATE_METHOD_MATCH = YES;
				CODE_SIGN_IDENTITY = "iPhone Developer";
				COPY_PHASE_STRIP = NO;
				DEBUG_INFORMATION_FORMAT = dwarf;
				ENABLE_STRICT_OBJC_MSGSEND = YES;
				ENABLE_TESTABILITY = YES;
				GCC_C_LANGUAGE_STANDARD = gnu11;
				GCC_DYNAMIC_NO_PIC = NO;
				GCC_NO_COMMON_BLOCKS = YES;
				GCC_OPTIMIZATION_LEVEL = 0;
				GCC_PREPROCESSOR_DEFINITIONS = (
					"DEBUG=1",
					"$(inherited)",
				);
				GCC_WARN_64_TO_32_BIT_CONVERSION = YES;
				GCC_WARN_ABOUT_RETURN_TYPE = YES_ERROR;
				GCC_WARN_UNDECLARED_SELECTOR = YES;
				GCC_WARN_UNINITIALIZED_AUTOS = YES_AGGRESSIVE;
				GCC_WARN_UNUSED_FUNCTION = YES;
				GCC_WARN_UNUSED_VARIABLE = YES;
				IPHONEOS_DEPLOYMENT_TARGET = 12.1;
				MTL_ENABLE_DEBUG_INFO = INCLUDE_SOURCE;
				MTL_FAST_MATH = YES;
				ONLY_ACTIVE_ARCH = YES;
				SDKROOT = iphoneos;
			};
			name = Debug;
		};
		61133330219AB30B004EA7FB /* Release */ = {
			isa = XCBuildConfiguration;
			buildSettings = {
				ALWAYS_SEARCH_USER_PATHS = NO;
				CLANG_ANALYZER_NONNULL = YES;
				CLANG_ANALYZER_NUMBER_OBJECT_CONVERSION = YES_AGGRESSIVE;
				CLANG_CXX_LANGUAGE_STANDARD = "gnu++14";
				CLANG_CXX_LIBRARY = "libc++";
				CLANG_ENABLE_MODULES = YES;
				CLANG_ENABLE_OBJC_ARC = YES;
				CLANG_ENABLE_OBJC_WEAK = YES;
				CLANG_WARN_BLOCK_CAPTURE_AUTORELEASING = YES;
				CLANG_WARN_BOOL_CONVERSION = YES;
				CLANG_WARN_COMMA = YES;
				CLANG_WARN_CONSTANT_CONVERSION = YES;
				CLANG_WARN_DEPRECATED_OBJC_IMPLEMENTATIONS = YES;
				CLANG_WARN_DIRECT_OBJC_ISA_USAGE = YES_ERROR;
				CLANG_WARN_DOCUMENTATION_COMMENTS = YES;
				CLANG_WARN_EMPTY_BODY = YES;
				CLANG_WARN_ENUM_CONVERSION = YES;
				CLANG_WARN_INFINITE_RECURSION = YES;
				CLANG_WARN_INT_CONVERSION = YES;
				CLANG_WARN_NON_LITERAL_NULL_CONVERSION = YES;
				CLANG_WARN_OBJC_IMPLICIT_RETAIN_SELF = YES;
				CLANG_WARN_OBJC_LITERAL_CONVERSION = YES;
				CLANG_WARN_OBJC_ROOT_CLASS = YES_ERROR;
				CLANG_WARN_RANGE_LOOP_ANALYSIS = YES;
				CLANG_WARN_STRICT_PROTOTYPES = YES;
				CLANG_WARN_SUSPICIOUS_MOVE = YES;
				CLANG_WARN_UNGUARDED_AVAILABILITY = YES_AGGRESSIVE;
				CLANG_WARN_UNREACHABLE_CODE = YES;
				CLANG_WARN__DUPLICATE_METHOD_MATCH = YES;
				CODE_SIGN_IDENTITY = "iPhone Developer";
				COPY_PHASE_STRIP = NO;
				DEBUG_INFORMATION_FORMAT = "dwarf-with-dsym";
				ENABLE_NS_ASSERTIONS = NO;
				ENABLE_STRICT_OBJC_MSGSEND = YES;
				GCC_C_LANGUAGE_STANDARD = gnu11;
				GCC_NO_COMMON_BLOCKS = YES;
				GCC_WARN_64_TO_32_BIT_CONVERSION = YES;
				GCC_WARN_ABOUT_RETURN_TYPE = YES_ERROR;
				GCC_WARN_UNDECLARED_SELECTOR = YES;
				GCC_WARN_UNINITIALIZED_AUTOS = YES_AGGRESSIVE;
				GCC_WARN_UNUSED_FUNCTION = YES;
				GCC_WARN_UNUSED_VARIABLE = YES;
				IPHONEOS_DEPLOYMENT_TARGET = 12.1;
				MTL_ENABLE_DEBUG_INFO = NO;
				MTL_FAST_MATH = YES;
				SDKROOT = iphoneos;
				VALIDATE_PRODUCT = YES;
			};
			name = Release;
		};
		61133332219AB30B004EA7FB /* Debug */ = {
			isa = XCBuildConfiguration;
			baseConfigurationReference = 2CA4E68928A74129608ABC2D /* Pods-OCHttpUtils.debug.xcconfig */;
			buildSettings = {
				ASSETCATALOG_COMPILER_APPICON_NAME = AppIcon;
				CLANG_ENABLE_MODULES = YES;
				CODE_SIGN_STYLE = Automatic;
				DEVELOPMENT_TEAM = B6Q5RKSB5N;
				INFOPLIST_FILE = OCHttpUtils/Info.plist;
				LD_RUNPATH_SEARCH_PATHS = (
					"$(inherited)",
					"@executable_path/Frameworks",
				);
				PRODUCT_BUNDLE_IDENTIFIER = com.season.lostsakura.OCHttpUtils;
				PRODUCT_NAME = "$(TARGET_NAME)";
				SWIFT_OBJC_BRIDGING_HEADER = "OCHttpUtils/HttpUtils/OCHttpUtils-Bridging-Header.h";
				SWIFT_OPTIMIZATION_LEVEL = "-Onone";
				SWIFT_VERSION = 4.2;
				TARGETED_DEVICE_FAMILY = "1,2";
			};
			name = Debug;
		};
		61133333219AB30B004EA7FB /* Release */ = {
			isa = XCBuildConfiguration;
			baseConfigurationReference = 14D345C08B1803667036F922 /* Pods-OCHttpUtils.release.xcconfig */;
			buildSettings = {
				ASSETCATALOG_COMPILER_APPICON_NAME = AppIcon;
				CLANG_ENABLE_MODULES = YES;
				CODE_SIGN_STYLE = Automatic;
				DEVELOPMENT_TEAM = B6Q5RKSB5N;
				INFOPLIST_FILE = OCHttpUtils/Info.plist;
				LD_RUNPATH_SEARCH_PATHS = (
					"$(inherited)",
					"@executable_path/Frameworks",
				);
				PRODUCT_BUNDLE_IDENTIFIER = com.season.lostsakura.OCHttpUtils;
				PRODUCT_NAME = "$(TARGET_NAME)";
				SWIFT_OBJC_BRIDGING_HEADER = "OCHttpUtils/HttpUtils/OCHttpUtils-Bridging-Header.h";
				SWIFT_VERSION = 4.2;
				TARGETED_DEVICE_FAMILY = "1,2";
			};
			name = Release;
		};
/* End XCBuildConfiguration section */

/* Begin XCConfigurationList section */
		61133316219AB308004EA7FB /* Build configuration list for PBXProject "OCHttpUtils" */ = {
			isa = XCConfigurationList;
			buildConfigurations = (
				6113332F219AB30B004EA7FB /* Debug */,
				61133330219AB30B004EA7FB /* Release */,
			);
			defaultConfigurationIsVisible = 0;
			defaultConfigurationName = Release;
		};
		61133331219AB30B004EA7FB /* Build configuration list for PBXNativeTarget "OCHttpUtils" */ = {
			isa = XCConfigurationList;
			buildConfigurations = (
				61133332219AB30B004EA7FB /* Debug */,
				61133333219AB30B004EA7FB /* Release */,
			);
			defaultConfigurationIsVisible = 0;
			defaultConfigurationName = Release;
		};
/* End XCConfigurationList section */
	};
	rootObject = 61133313219AB308004EA7FB /* Project object */;
}
